// !$*UTF8*$!
{
	archiveVersion = 1;
	classes = {
	};
	objectVersion = 48;
	objects = {

/* Begin PBXBuildFile section */
		5B339917028982C3B923772A /* Pods_stocks_cake.framework in Frameworks */ = {isa = PBXBuildFile; fileRef = F900F636DA0E36FAAE066903 /* Pods_stocks_cake.framework */; };
		A40C40222038687D004ECCE7 /* AppDelegate.swift in Sources */ = {isa = PBXBuildFile; fileRef = A40C40212038687D004ECCE7 /* AppDelegate.swift */; };
		A40C40242038687D004ECCE7 /* CakeLandingViewController.swift in Sources */ = {isa = PBXBuildFile; fileRef = A40C40232038687D004ECCE7 /* CakeLandingViewController.swift */; };
		A40C40272038687D004ECCE7 /* Main.storyboard in Resources */ = {isa = PBXBuildFile; fileRef = A40C40252038687D004ECCE7 /* Main.storyboard */; };
		A40C40292038687D004ECCE7 /* Assets.xcassets in Resources */ = {isa = PBXBuildFile; fileRef = A40C40282038687D004ECCE7 /* Assets.xcassets */; };
		A40C402C2038687D004ECCE7 /* LaunchScreen.storyboard in Resources */ = {isa = PBXBuildFile; fileRef = A40C402A2038687D004ECCE7 /* LaunchScreen.storyboard */; };
		A42A9ACB203DE128007A9147 /* CakeSelectTimelineTableViewCell.swift in Sources */ = {isa = PBXBuildFile; fileRef = A42A9AC9203DE128007A9147 /* CakeSelectTimelineTableViewCell.swift */; };
		A42A9ACC203DE128007A9147 /* CakeSelectTimelineTableViewCell.xib in Resources */ = {isa = PBXBuildFile; fileRef = A42A9ACA203DE128007A9147 /* CakeSelectTimelineTableViewCell.xib */; };
		A42A9AD0203DEB20007A9147 /* SocketIOManager.swift in Sources */ = {isa = PBXBuildFile; fileRef = A42A9ACF203DEB20007A9147 /* SocketIOManager.swift */; };
		A42A9AD2203DF961007A9147 /* CakeCommonView.xib in Resources */ = {isa = PBXBuildFile; fileRef = A42A9AD1203DF961007A9147 /* CakeCommonView.xib */; };
		A42A9AD4203DFAF8007A9147 /* CakeCommonView.swift in Sources */ = {isa = PBXBuildFile; fileRef = A42A9AD3203DFAF8007A9147 /* CakeCommonView.swift */; };
		A42A9AD9203DFB98007A9147 /* CakeStockDataTableViewCell.swift in Sources */ = {isa = PBXBuildFile; fileRef = A42A9AD7203DFB98007A9147 /* CakeStockDataTableViewCell.swift */; };
		A42A9ADA203DFB98007A9147 /* CakeStockDataTableViewCell.xib in Resources */ = {isa = PBXBuildFile; fileRef = A42A9AD8203DFB98007A9147 /* CakeStockDataTableViewCell.xib */; };
		A441BCB2203C1AD0003D0CEF /* URLManager.swift in Sources */ = {isa = PBXBuildFile; fileRef = A441BCB1203C1AD0003D0CEF /* URLManager.swift */; };
		A441BCB6203C3B40003D0CEF /* StockItem.swift in Sources */ = {isa = PBXBuildFile; fileRef = A441BCB5203C3B40003D0CEF /* StockItem.swift */; };
		A441BCB9203C8B07003D0CEF /* Utility.swift in Sources */ = {isa = PBXBuildFile; fileRef = A441BCB8203C8B07003D0CEF /* Utility.swift */; };
		A441BCBD203C8B9F003D0CEF /* CakeLiveStocksTableViewCell.swift in Sources */ = {isa = PBXBuildFile; fileRef = A441BCBB203C8B9F003D0CEF /* CakeLiveStocksTableViewCell.swift */; };
		A441BCBE203C8B9F003D0CEF /* CakeLiveStocksTableViewCell.xib in Resources */ = {isa = PBXBuildFile; fileRef = A441BCBC203C8B9F003D0CEF /* CakeLiveStocksTableViewCell.xib */; };
		A441BCC2203CA22A003D0CEF /* CakeHistoricalTableViewCell.swift in Sources */ = {isa = PBXBuildFile; fileRef = A441BCC0203CA229003D0CEF /* CakeHistoricalTableViewCell.swift */; };
		A441BCC3203CA22A003D0CEF /* CakeHistoricalTableViewCell.xib in Resources */ = {isa = PBXBuildFile; fileRef = A441BCC1203CA22A003D0CEF /* CakeHistoricalTableViewCell.xib */; };
		A496E44F203C13BC00A81E63 /* NetworkManager.swift in Sources */ = {isa = PBXBuildFile; fileRef = A496E44E203C13BC00A81E63 /* NetworkManager.swift */; };
/* End PBXBuildFile section */

/* Begin PBXFileReference section */
		5E35AEB19507B8002E35EC44 /* Pods-stocks-cake.debug.xcconfig */ = {isa = PBXFileReference; includeInIndex = 1; lastKnownFileType = text.xcconfig; name = "Pods-stocks-cake.debug.xcconfig"; path = "Pods/Target Support Files/Pods-stocks-cake/Pods-stocks-cake.debug.xcconfig"; sourceTree = "<group>"; };
		A40C401E2038687D004ECCE7 /* stocks-cake.app */ = {isa = PBXFileReference; explicitFileType = wrapper.application; includeInIndex = 0; path = "stocks-cake.app"; sourceTree = BUILT_PRODUCTS_DIR; };
		A40C40212038687D004ECCE7 /* AppDelegate.swift */ = {isa = PBXFileReference; lastKnownFileType = sourcecode.swift; path = AppDelegate.swift; sourceTree = "<group>"; };
		A40C40232038687D004ECCE7 /* CakeLandingViewController.swift */ = {isa = PBXFileReference; lastKnownFileType = sourcecode.swift; path = CakeLandingViewController.swift; sourceTree = "<group>"; };
		A40C40262038687D004ECCE7 /* Base */ = {isa = PBXFileReference; lastKnownFileType = file.storyboard; name = Base; path = Base.lproj/Main.storyboard; sourceTree = "<group>"; };
		A40C40282038687D004ECCE7 /* Assets.xcassets */ = {isa = PBXFileReference; lastKnownFileType = folder.assetcatalog; path = Assets.xcassets; sourceTree = "<group>"; };
		A40C402B2038687D004ECCE7 /* Base */ = {isa = PBXFileReference; lastKnownFileType = file.storyboard; name = Base; path = Base.lproj/LaunchScreen.storyboard; sourceTree = "<group>"; };
		A40C402D2038687D004ECCE7 /* Info.plist */ = {isa = PBXFileReference; lastKnownFileType = text.plist.xml; path = Info.plist; sourceTree = "<group>"; };
		A42A9AC9203DE128007A9147 /* CakeSelectTimelineTableViewCell.swift */ = {isa = PBXFileReference; lastKnownFileType = sourcecode.swift; path = CakeSelectTimelineTableViewCell.swift; sourceTree = "<group>"; };
		A42A9ACA203DE128007A9147 /* CakeSelectTimelineTableViewCell.xib */ = {isa = PBXFileReference; lastKnownFileType = file.xib; path = CakeSelectTimelineTableViewCell.xib; sourceTree = "<group>"; };
		A42A9ACF203DEB20007A9147 /* SocketIOManager.swift */ = {isa = PBXFileReference; lastKnownFileType = sourcecode.swift; path = SocketIOManager.swift; sourceTree = "<group>"; };
		A42A9AD1203DF961007A9147 /* CakeCommonView.xib */ = {isa = PBXFileReference; lastKnownFileType = file.xib; path = CakeCommonView.xib; sourceTree = "<group>"; };
		A42A9AD3203DFAF8007A9147 /* CakeCommonView.swift */ = {isa = PBXFileReference; lastKnownFileType = sourcecode.swift; path = CakeCommonView.swift; sourceTree = "<group>"; };
		A42A9AD7203DFB98007A9147 /* CakeStockDataTableViewCell.swift */ = {isa = PBXFileReference; lastKnownFileType = sourcecode.swift; path = CakeStockDataTableViewCell.swift; sourceTree = "<group>"; };
		A42A9AD8203DFB98007A9147 /* CakeStockDataTableViewCell.xib */ = {isa = PBXFileReference; lastKnownFileType = file.xib; path = CakeStockDataTableViewCell.xib; sourceTree = "<group>"; };
		A441BCB1203C1AD0003D0CEF /* URLManager.swift */ = {isa = PBXFileReference; lastKnownFileType = sourcecode.swift; path = URLManager.swift; sourceTree = "<group>"; };
		A441BCB5203C3B40003D0CEF /* StockItem.swift */ = {isa = PBXFileReference; lastKnownFileType = sourcecode.swift; path = StockItem.swift; sourceTree = "<group>"; };
		A441BCB8203C8B07003D0CEF /* Utility.swift */ = {isa = PBXFileReference; lastKnownFileType = sourcecode.swift; path = Utility.swift; sourceTree = "<group>"; };
		A441BCBB203C8B9F003D0CEF /* CakeLiveStocksTableViewCell.swift */ = {isa = PBXFileReference; lastKnownFileType = sourcecode.swift; path = CakeLiveStocksTableViewCell.swift; sourceTree = "<group>"; };
		A441BCBC203C8B9F003D0CEF /* CakeLiveStocksTableViewCell.xib */ = {isa = PBXFileReference; lastKnownFileType = file.xib; path = CakeLiveStocksTableViewCell.xib; sourceTree = "<group>"; };
		A441BCC0203CA229003D0CEF /* CakeHistoricalTableViewCell.swift */ = {isa = PBXFileReference; lastKnownFileType = sourcecode.swift; path = CakeHistoricalTableViewCell.swift; sourceTree = "<group>"; };
		A441BCC1203CA22A003D0CEF /* CakeHistoricalTableViewCell.xib */ = {isa = PBXFileReference; lastKnownFileType = file.xib; path = CakeHistoricalTableViewCell.xib; sourceTree = "<group>"; };
		A496E44E203C13BC00A81E63 /* NetworkManager.swift */ = {isa = PBXFileReference; lastKnownFileType = sourcecode.swift; path = NetworkManager.swift; sourceTree = "<group>"; };
		AC7A35AB60524F584FA13D43 /* Pods-stocks-cake.release.xcconfig */ = {isa = PBXFileReference; includeInIndex = 1; lastKnownFileType = text.xcconfig; name = "Pods-stocks-cake.release.xcconfig"; path = "Pods/Target Support Files/Pods-stocks-cake/Pods-stocks-cake.release.xcconfig"; sourceTree = "<group>"; };
		F900F636DA0E36FAAE066903 /* Pods_stocks_cake.framework */ = {isa = PBXFileReference; explicitFileType = wrapper.framework; includeInIndex = 0; path = Pods_stocks_cake.framework; sourceTree = BUILT_PRODUCTS_DIR; };
/* End PBXFileReference section */

/* Begin PBXFrameworksBuildPhase section */
		A40C401B2038687D004ECCE7 /* Frameworks */ = {
			isa = PBXFrameworksBuildPhase;
			buildActionMask = 2147483647;
			files = (
				5B339917028982C3B923772A /* Pods_stocks_cake.framework in Frameworks */,
			);
			runOnlyForDeploymentPostprocessing = 0;
		};
/* End PBXFrameworksBuildPhase section */

/* Begin PBXGroup section */
		18EBE5D97054DE1260ECBB64 /* Frameworks */ = {
			isa = PBXGroup;
			children = (
				F900F636DA0E36FAAE066903 /* Pods_stocks_cake.framework */,
			);
			name = Frameworks;
			sourceTree = "<group>";
		};
		6F971F44845C16E59317F075 /* Pods */ = {
			isa = PBXGroup;
			children = (
				5E35AEB19507B8002E35EC44 /* Pods-stocks-cake.debug.xcconfig */,
				AC7A35AB60524F584FA13D43 /* Pods-stocks-cake.release.xcconfig */,
			);
			name = Pods;
			sourceTree = "<group>";
		};
		A40C40152038687D004ECCE7 = {
			isa = PBXGroup;
			children = (
				A40C40202038687D004ECCE7 /* stocks-cake */,
				A40C401F2038687D004ECCE7 /* Products */,
				6F971F44845C16E59317F075 /* Pods */,
				18EBE5D97054DE1260ECBB64 /* Frameworks */,
			);
			sourceTree = "<group>";
		};
		A40C401F2038687D004ECCE7 /* Products */ = {
			isa = PBXGroup;
			children = (
				A40C401E2038687D004ECCE7 /* stocks-cake.app */,
			);
			name = Products;
			sourceTree = "<group>";
		};
		A40C40202038687D004ECCE7 /* stocks-cake */ = {
			isa = PBXGroup;
			children = (
				A40C40212038687D004ECCE7 /* AppDelegate.swift */,
				A40C40252038687D004ECCE7 /* Main.storyboard */,
				A40C40232038687D004ECCE7 /* CakeLandingViewController.swift */,
				A42A9ACF203DEB20007A9147 /* SocketIOManager.swift */,
				A441BCBA203C8B71003D0CEF /* TableView Cells */,
				A441BCB7203C8AF0003D0CEF /* Utility */,
				A441BCB3203C20D0003D0CEF /* Network */,
				A40C40282038687D004ECCE7 /* Assets.xcassets */,
				A40C402A2038687D004ECCE7 /* LaunchScreen.storyboard */,
				A40C402D2038687D004ECCE7 /* Info.plist */,
			);
			path = "stocks-cake";
			sourceTree = "<group>";
		};
		A42A9ACE203DE13B007A9147 /* Select Timeline */ = {
			isa = PBXGroup;
			children = (
				A42A9AC9203DE128007A9147 /* CakeSelectTimelineTableViewCell.swift */,
				A42A9ACA203DE128007A9147 /* CakeSelectTimelineTableViewCell.xib */,
			);
			path = "Select Timeline";
			sourceTree = "<group>";
		};
		A42A9AD5203DFAFF007A9147 /* Common View */ = {
			isa = PBXGroup;
			children = (
				A42A9AD1203DF961007A9147 /* CakeCommonView.xib */,
				A42A9AD3203DFAF8007A9147 /* CakeCommonView.swift */,
			);
			path = "Common View";
			sourceTree = "<group>";
		};
		A42A9AD6203DFB6B007A9147 /* Stock Data */ = {
			isa = PBXGroup;
			children = (
				A42A9AD7203DFB98007A9147 /* CakeStockDataTableViewCell.swift */,
				A42A9AD8203DFB98007A9147 /* CakeStockDataTableViewCell.xib */,
			);
			path = "Stock Data";
			sourceTree = "<group>";
		};
		A441BCB3203C20D0003D0CEF /* Network */ = {
			isa = PBXGroup;
			children = (
				A496E44E203C13BC00A81E63 /* NetworkManager.swift */,
				A441BCB1203C1AD0003D0CEF /* URLManager.swift */,
			);
			path = Network;
			sourceTree = "<group>";
		};
		A441BCB7203C8AF0003D0CEF /* Utility */ = {
			isa = PBXGroup;
			children = (
				A441BCB5203C3B40003D0CEF /* StockItem.swift */,
				A441BCB8203C8B07003D0CEF /* Utility.swift */,
				A42A9AD5203DFAFF007A9147 /* Common View */,
			);
			path = Utility;
			sourceTree = "<group>";
		};
		A441BCBA203C8B71003D0CEF /* TableView Cells */ = {
			isa = PBXGroup;
			children = (
				A441BCBF203CA1FC003D0CEF /* Live  */,
				A441BCC4203CA237003D0CEF /* Historical */,
				A42A9ACE203DE13B007A9147 /* Select Timeline */,
				A42A9AD6203DFB6B007A9147 /* Stock Data */,
			);
			path = "TableView Cells";
			sourceTree = "<group>";
		};
		A441BCBF203CA1FC003D0CEF /* Live  */ = {
			isa = PBXGroup;
			children = (
				A441BCBB203C8B9F003D0CEF /* CakeLiveStocksTableViewCell.swift */,
				A441BCBC203C8B9F003D0CEF /* CakeLiveStocksTableViewCell.xib */,
			);
			path = "Live ";
			sourceTree = "<group>";
		};
		A441BCC4203CA237003D0CEF /* Historical */ = {
			isa = PBXGroup;
			children = (
				A441BCC0203CA229003D0CEF /* CakeHistoricalTableViewCell.swift */,
				A441BCC1203CA22A003D0CEF /* CakeHistoricalTableViewCell.xib */,
			);
			path = Historical;
			sourceTree = "<group>";
		};
/* End PBXGroup section */

/* Begin PBXNativeTarget section */
		A40C401D2038687D004ECCE7 /* stocks-cake */ = {
			isa = PBXNativeTarget;
			buildConfigurationList = A40C40302038687D004ECCE7 /* Build configuration list for PBXNativeTarget "stocks-cake" */;
			buildPhases = (
				618A5F26132CD9EBCE52C2C3 /* [CP] Check Pods Manifest.lock */,
				A40C401A2038687D004ECCE7 /* Sources */,
				A40C401B2038687D004ECCE7 /* Frameworks */,
				A40C401C2038687D004ECCE7 /* Resources */,
				1E83BF35FB71483664E3921D /* [CP] Embed Pods Frameworks */,
				4FD0AC7103D12A04EA807DB2 /* [CP] Copy Pods Resources */,
			);
			buildRules = (
			);
			dependencies = (
			);
			name = "stocks-cake";
			productName = "stocks-cake";
			productReference = A40C401E2038687D004ECCE7 /* stocks-cake.app */;
			productType = "com.apple.product-type.application";
		};
/* End PBXNativeTarget section */

/* Begin PBXProject section */
		A40C40162038687D004ECCE7 /* Project object */ = {
			isa = PBXProject;
			attributes = {
				LastSwiftUpdateCheck = 0920;
				LastUpgradeCheck = 0920;
				ORGANIZATIONNAME = shravan;
				TargetAttributes = {
					A40C401D2038687D004ECCE7 = {
						CreatedOnToolsVersion = 9.2;
						ProvisioningStyle = Automatic;
					};
				};
			};
			buildConfigurationList = A40C40192038687D004ECCE7 /* Build configuration list for PBXProject "stocks-cake" */;
			compatibilityVersion = "Xcode 8.0";
			developmentRegion = en;
			hasScannedForEncodings = 0;
			knownRegions = (
				en,
				Base,
			);
			mainGroup = A40C40152038687D004ECCE7;
			productRefGroup = A40C401F2038687D004ECCE7 /* Products */;
			projectDirPath = "";
			projectRoot = "";
			targets = (
				A40C401D2038687D004ECCE7 /* stocks-cake */,
			);
		};
/* End PBXProject section */

/* Begin PBXResourcesBuildPhase section */
		A40C401C2038687D004ECCE7 /* Resources */ = {
			isa = PBXResourcesBuildPhase;
			buildActionMask = 2147483647;
			files = (
				A42A9AD2203DF961007A9147 /* CakeCommonView.xib in Resources */,
				A42A9ACC203DE128007A9147 /* CakeSelectTimelineTableViewCell.xib in Resources */,
				A40C402C2038687D004ECCE7 /* LaunchScreen.storyboard in Resources */,
				A441BCC3203CA22A003D0CEF /* CakeHistoricalTableViewCell.xib in Resources */,
				A42A9ADA203DFB98007A9147 /* CakeStockDataTableViewCell.xib in Resources */,
				A40C40292038687D004ECCE7 /* Assets.xcassets in Resources */,
				A441BCBE203C8B9F003D0CEF /* CakeLiveStocksTableViewCell.xib in Resources */,
				A40C40272038687D004ECCE7 /* Main.storyboard in Resources */,
			);
			runOnlyForDeploymentPostprocessing = 0;
		};
/* End PBXResourcesBuildPhase section */

/* Begin PBXShellScriptBuildPhase section */
		1E83BF35FB71483664E3921D /* [CP] Embed Pods Frameworks */ = {
			isa = PBXShellScriptBuildPhase;
			buildActionMask = 2147483647;
			files = (
			);
			inputPaths = (
				"${SRCROOT}/Pods/Target Support Files/Pods-stocks-cake/Pods-stocks-cake-frameworks.sh",
				"${BUILT_PRODUCTS_DIR}/Alamofire/Alamofire.framework",
				"${BUILT_PRODUCTS_DIR}/Charts/Charts.framework",
				"${BUILT_PRODUCTS_DIR}/Socket.IO-Client-Swift/SocketIO.framework",
				"${BUILT_PRODUCTS_DIR}/Starscream/Starscream.framework",
			);
			name = "[CP] Embed Pods Frameworks";
			outputPaths = (
				"${TARGET_BUILD_DIR}/${FRAMEWORKS_FOLDER_PATH}/Alamofire.framework",
				"${TARGET_BUILD_DIR}/${FRAMEWORKS_FOLDER_PATH}/Charts.framework",
				"${TARGET_BUILD_DIR}/${FRAMEWORKS_FOLDER_PATH}/SocketIO.framework",
				"${TARGET_BUILD_DIR}/${FRAMEWORKS_FOLDER_PATH}/Starscream.framework",
			);
			runOnlyForDeploymentPostprocessing = 0;
			shellPath = /bin/sh;
			shellScript = "\"${SRCROOT}/Pods/Target Support Files/Pods-stocks-cake/Pods-stocks-cake-frameworks.sh\"\n";
			showEnvVarsInLog = 0;
		};
		4FD0AC7103D12A04EA807DB2 /* [CP] Copy Pods Resources */ = {
			isa = PBXShellScriptBuildPhase;
			buildActionMask = 2147483647;
			files = (
			);
			inputPaths = (
			);
			name = "[CP] Copy Pods Resources";
			outputPaths = (
			);
			runOnlyForDeploymentPostprocessing = 0;
			shellPath = /bin/sh;
			shellScript = "\"${SRCROOT}/Pods/Target Support Files/Pods-stocks-cake/Pods-stocks-cake-resources.sh\"\n";
			showEnvVarsInLog = 0;
		};
		618A5F26132CD9EBCE52C2C3 /* [CP] Check Pods Manifest.lock */ = {
			isa = PBXShellScriptBuildPhase;
			buildActionMask = 2147483647;
			files = (
			);
			inputPaths = (
				"${PODS_PODFILE_DIR_PATH}/Podfile.lock",
				"${PODS_ROOT}/Manifest.lock",
			);
			name = "[CP] Check Pods Manifest.lock";
			outputPaths = (
				"$(DERIVED_FILE_DIR)/Pods-stocks-cake-checkManifestLockResult.txt",
			);
			runOnlyForDeploymentPostprocessing = 0;
			shellPath = /bin/sh;
			shellScript = "diff \"${PODS_PODFILE_DIR_PATH}/Podfile.lock\" \"${PODS_ROOT}/Manifest.lock\" > /dev/null\nif [ $? != 0 ] ; then\n    # print error to STDERR\n    echo \"error: The sandbox is not in sync with the Podfile.lock. Run 'pod install' or update your CocoaPods installation.\" >&2\n    exit 1\nfi\n# This output is used by Xcode 'outputs' to avoid re-running this script phase.\necho \"SUCCESS\" > \"${SCRIPT_OUTPUT_FILE_0}\"\n";
			showEnvVarsInLog = 0;
		};
/* End PBXShellScriptBuildPhase section */

/* Begin PBXSourcesBuildPhase section */
		A40C401A2038687D004ECCE7 /* Sources */ = {
			isa = PBXSourcesBuildPhase;
			buildActionMask = 2147483647;
			files = (
				A42A9AD9203DFB98007A9147 /* CakeStockDataTableViewCell.swift in Sources */,
				A496E44F203C13BC00A81E63 /* NetworkManager.swift in Sources */,
				A40C40242038687D004ECCE7 /* CakeLandingViewController.swift in Sources */,
				A441BCB9203C8B07003D0CEF /* Utility.swift in Sources */,
				A441BCBD203C8B9F003D0CEF /* CakeLiveStocksTableViewCell.swift in Sources */,
				A42A9AD0203DEB20007A9147 /* SocketIOManager.swift in Sources */,
				A40C40222038687D004ECCE7 /* AppDelegate.swift in Sources */,
				A441BCB6203C3B40003D0CEF /* StockItem.swift in Sources */,
				A441BCB2203C1AD0003D0CEF /* URLManager.swift in Sources */,
				A42A9ACB203DE128007A9147 /* CakeSelectTimelineTableViewCell.swift in Sources */,
				A42A9AD4203DFAF8007A9147 /* CakeCommonView.swift in Sources */,
				A441BCC2203CA22A003D0CEF /* CakeHistoricalTableViewCell.swift in Sources */,
			);
			runOnlyForDeploymentPostprocessing = 0;
		};
/* End PBXSourcesBuildPhase section */

/* Begin PBXVariantGroup section */
		A40C40252038687D004ECCE7 /* Main.storyboard */ = {
			isa = PBXVariantGroup;
			children = (
				A40C40262038687D004ECCE7 /* Base */,
			);
			name = Main.storyboard;
			sourceTree = "<group>";
		};
		A40C402A2038687D004ECCE7 /* LaunchScreen.storyboard */ = {
			isa = PBXVariantGroup;
			children = (
				A40C402B2038687D004ECCE7 /* Base */,
			);
			name = LaunchScreen.storyboard;
			sourceTree = "<group>";
		};
/* End PBXVariantGroup section */

/* Begin XCBuildConfiguration section */
		A40C402E2038687D004ECCE7 /* Debug */ = {
			isa = XCBuildConfiguration;
			buildSettings = {
				ALWAYS_SEARCH_USER_PATHS = NO;
				CLANG_ANALYZER_NONNULL = YES;
				CLANG_ANALYZER_NUMBER_OBJECT_CONVERSION = YES_AGGRESSIVE;
				CLANG_CXX_LANGUAGE_STANDARD = "gnu++14";
				CLANG_CXX_LIBRARY = "libc++";
				CLANG_ENABLE_MODULES = YES;
				CLANG_ENABLE_OBJC_ARC = YES;
				CLANG_WARN_BLOCK_CAPTURE_AUTORELEASING = YES;
				CLANG_WARN_BOOL_CONVERSION = YES;
				CLANG_WARN_COMMA = YES;
				CLANG_WARN_CONSTANT_CONVERSION = YES;
				CLANG_WARN_DIRECT_OBJC_ISA_USAGE = YES_ERROR;
				CLANG_WARN_DOCUMENTATION_COMMENTS = YES;
				CLANG_WARN_EMPTY_BODY = YES;
				CLANG_WARN_ENUM_CONVERSION = YES;
				CLANG_WARN_INFINITE_RECURSION = YES;
				CLANG_WARN_INT_CONVERSION = YES;
				CLANG_WARN_NON_LITERAL_NULL_CONVERSION = YES;
				CLANG_WARN_OBJC_LITERAL_CONVERSION = YES;
				CLANG_WARN_OBJC_ROOT_CLASS = YES_ERROR;
				CLANG_WARN_RANGE_LOOP_ANALYSIS = YES;
				CLANG_WARN_STRICT_PROTOTYPES = YES;
				CLANG_WARN_SUSPICIOUS_MOVE = YES;
				CLANG_WARN_UNGUARDED_AVAILABILITY = YES_AGGRESSIVE;
				CLANG_WARN_UNREACHABLE_CODE = YES;
				CLANG_WARN__DUPLICATE_METHOD_MATCH = YES;
				CODE_SIGN_IDENTITY = "iPhone Developer";
				COPY_PHASE_STRIP = NO;
				DEBUG_INFORMATION_FORMAT = dwarf;
				ENABLE_STRICT_OBJC_MSGSEND = YES;
				ENABLE_TESTABILITY = YES;
				GCC_C_LANGUAGE_STANDARD = gnu11;
				GCC_DYNAMIC_NO_PIC = NO;
				GCC_NO_COMMON_BLOCKS = YES;
				GCC_OPTIMIZATION_LEVEL = 0;
				GCC_PREPROCESSOR_DEFINITIONS = (
					"DEBUG=1",
					"$(inherited)",
				);
				GCC_WARN_64_TO_32_BIT_CONVERSION = YES;
				GCC_WARN_ABOUT_RETURN_TYPE = YES_ERROR;
				GCC_WARN_UNDECLARED_SELECTOR = YES;
				GCC_WARN_UNINITIALIZED_AUTOS = YES_AGGRESSIVE;
				GCC_WARN_UNUSED_FUNCTION = YES;
				GCC_WARN_UNUSED_VARIABLE = YES;
				IPHONEOS_DEPLOYMENT_TARGET = 11.2;
				MTL_ENABLE_DEBUG_INFO = YES;
				ONLY_ACTIVE_ARCH = YES;
				SDKROOT = iphoneos;
				SWIFT_ACTIVE_COMPILATION_CONDITIONS = DEBUG;
				SWIFT_OPTIMIZATION_LEVEL = "-Onone";
			};
			name = Debug;
		};
		A40C402F2038687D004ECCE7 /* Release */ = {
			isa = XCBuildConfiguration;
			buildSettings = {
				ALWAYS_SEARCH_USER_PATHS = NO;
				CLANG_ANALYZER_NONNULL = YES;
				CLANG_ANALYZER_NUMBER_OBJECT_CONVERSION = YES_AGGRESSIVE;
				CLANG_CXX_LANGUAGE_STANDARD = "gnu++14";
				CLANG_CXX_LIBRARY = "libc++";
				CLANG_ENABLE_MODULES = YES;
				CLANG_ENABLE_OBJC_ARC = YES;
				CLANG_WARN_BLOCK_CAPTURE_AUTORELEASING = YES;
				CLANG_WARN_BOOL_CONVERSION = YES;
				CLANG_WARN_COMMA = YES;
				CLANG_WARN_CONSTANT_CONVERSION = YES;
				CLANG_WARN_DIRECT_OBJC_ISA_USAGE = YES_ERROR;
				CLANG_WARN_DOCUMENTATION_COMMENTS = YES;
				CLANG_WARN_EMPTY_BODY = YES;
				CLANG_WARN_ENUM_CONVERSION = YES;
				CLANG_WARN_INFINITE_RECURSION = YES;
				CLANG_WARN_INT_CONVERSION = YES;
				CLANG_WARN_NON_LITERAL_NULL_CONVERSION = YES;
				CLANG_WARN_OBJC_LITERAL_CONVERSION = YES;
				CLANG_WARN_OBJC_ROOT_CLASS = YES_ERROR;
				CLANG_WARN_RANGE_LOOP_ANALYSIS = YES;
				CLANG_WARN_STRICT_PROTOTYPES = YES;
				CLANG_WARN_SUSPICIOUS_MOVE = YES;
				CLANG_WARN_UNGUARDED_AVAILABILITY = YES_AGGRESSIVE;
				CLANG_WARN_UNREACHABLE_CODE = YES;
				CLANG_WARN__DUPLICATE_METHOD_MATCH = YES;
				CODE_SIGN_IDENTITY = "iPhone Developer";
				COPY_PHASE_STRIP = NO;
				DEBUG_INFORMATION_FORMAT = "dwarf-with-dsym";
				ENABLE_NS_ASSERTIONS = NO;
				ENABLE_STRICT_OBJC_MSGSEND = YES;
				GCC_C_LANGUAGE_STANDARD = gnu11;
				GCC_NO_COMMON_BLOCKS = YES;
				GCC_WARN_64_TO_32_BIT_CONVERSION = YES;
				GCC_WARN_ABOUT_RETURN_TYPE = YES_ERROR;
				GCC_WARN_UNDECLARED_SELECTOR = YES;
				GCC_WARN_UNINITIALIZED_AUTOS = YES_AGGRESSIVE;
				GCC_WARN_UNUSED_FUNCTION = YES;
				GCC_WARN_UNUSED_VARIABLE = YES;
				IPHONEOS_DEPLOYMENT_TARGET = 11.2;
				MTL_ENABLE_DEBUG_INFO = NO;
				SDKROOT = iphoneos;
				SWIFT_OPTIMIZATION_LEVEL = "-Owholemodule";
				VALIDATE_PRODUCT = YES;
			};
			name = Release;
		};
		A40C40312038687D004ECCE7 /* Debug */ = {
			isa = XCBuildConfiguration;
			baseConfigurationReference = 5E35AEB19507B8002E35EC44 /* Pods-stocks-cake.debug.xcconfig */;
			buildSettings = {
				ASSETCATALOG_COMPILER_APPICON_NAME = AppIcon;
				CODE_SIGN_STYLE = Automatic;
				DEVELOPMENT_TEAM = 48UFH6Q9SV;
				INFOPLIST_FILE = "stocks-cake/Info.plist";
				LD_RUNPATH_SEARCH_PATHS = "$(inherited) @executable_path/Frameworks";
				PRODUCT_BUNDLE_IDENTIFIER = "shravan.stocks-cake";
				PRODUCT_NAME = "$(TARGET_NAME)";
				SWIFT_VERSION = 4.0;
				TARGETED_DEVICE_FAMILY = "1,2";
			};
			name = Debug;
		};
		A40C40322038687D004ECCE7 /* Release */ = {
			isa = XCBuildConfiguration;
			baseConfigurationReference = AC7A35AB60524F584FA13D43 /* Pods-stocks-cake.release.xcconfig */;
			buildSettings = {
				ASSETCATALOG_COMPILER_APPICON_NAME = AppIcon;
				CODE_SIGN_STYLE = Automatic;
				DEVELOPMENT_TEAM = 48UFH6Q9SV;
				INFOPLIST_FILE = "stocks-cake/Info.plist";
				LD_RUNPATH_SEARCH_PATHS = "$(inherited) @executable_path/Frameworks";
				PRODUCT_BUNDLE_IDENTIFIER = "shravan.stocks-cake";
				PRODUCT_NAME = "$(TARGET_NAME)";
				SWIFT_VERSION = 4.0;
				TARGETED_DEVICE_FAMILY = "1,2";
			};
			name = Release;
		};
/* End XCBuildConfiguration section */

/* Begin XCConfigurationList section */
		A40C40192038687D004ECCE7 /* Build configuration list for PBXProject "stocks-cake" */ = {
			isa = XCConfigurationList;
			buildConfigurations = (
				A40C402E2038687D004ECCE7 /* Debug */,
				A40C402F2038687D004ECCE7 /* Release */,
			);
			defaultConfigurationIsVisible = 0;
			defaultConfigurationName = Release;
		};
		A40C40302038687D004ECCE7 /* Build configuration list for PBXNativeTarget "stocks-cake" */ = {
			isa = XCConfigurationList;
			buildConfigurations = (
				A40C40312038687D004ECCE7 /* Debug */,
				A40C40322038687D004ECCE7 /* Release */,
			);
			defaultConfigurationIsVisible = 0;
			defaultConfigurationName = Release;
		};
/* End XCConfigurationList section */
	};
	rootObject = A40C40162038687D004ECCE7 /* Project object */;
}
